
Microsoft Visual Studio Solution File, Format Version 12.00
Project("{FAE04EC0-301F-11D3-BF4B-00C04F79EFBC}") = "Metinvest.API", "Metinvest.API\Metinvest.API.csproj", "{36BA1299-E709-4EF5-8555-6AF22C26E183}"
EndProject
Project("{FAE04EC0-301F-11D3-BF4B-00C04F79EFBC}") = "Metinvest.Infrastructure", "Metinvest.Infrastructure\Metinvest.Infrastructure.csproj", "{0368BB3F-1A55-4F8D-BD60-F9F588FB7F76}"
EndProject
Global
	GlobalSection(SolutionConfigurationPlatforms) = preSolution
		Debug|Any CPU = Debug|Any CPU
		Release|Any CPU = Release|Any CPU
	EndGlobalSection
	GlobalSection(ProjectConfigurationPlatforms) = postSolution
		{36BA1299-E709-4EF5-8555-6AF22C26E183}.Debug|Any CPU.ActiveCfg = Debug|Any CPU
		{36BA1299-E709-4EF5-8555-6AF22C26E183}.Debug|Any CPU.Build.0 = Debug|Any CPU
		{36BA1299-E709-4EF5-8555-6AF22C26E183}.Release|Any CPU.ActiveCfg = Release|Any CPU
		{36BA1299-E709-4EF5-8555-6AF22C26E183}.Release|Any CPU.Build.0 = Release|Any CPU
		{0368BB3F-1A55-4F8D-BD60-F9F588FB7F76}.Debug|Any CPU.ActiveCfg = Debug|Any CPU
		{0368BB3F-1A55-4F8D-BD60-F9F588FB7F76}.Debug|Any CPU.Build.0 = Debug|Any CPU
		{0368BB3F-1A55-4F8D-BD60-F9F588FB7F76}.Release|Any CPU.ActiveCfg = Release|Any CPU
		{0368BB3F-1A55-4F8D-BD60-F9F588FB7F76}.Release|Any CPU.Build.0 = Release|Any CPU
	EndGlobalSection
EndGlobal
